
Microsoft Visual Studio Solution File, Format Version 12.00
# Visual Studio Version 17
VisualStudioVersion = 17.8.34525.116
MinimumVisualStudioVersion = 10.0.40219.1
Project("{FAE04EC0-301F-11D3-BF4B-00C04F79EFBC}") = "labo_01", "labo_01\labo_01.csproj", "{AB6D5FE3-479E-493E-93A5-708EF9C92732}"
EndProject
Global
	GlobalSection(SolutionConfigurationPlatforms) = preSolution
		Debug|Any CPU = Debug|Any CPU
		Release|Any CPU = Release|Any CPU
	EndGlobalSection
	GlobalSection(ProjectConfigurationPlatforms) = postSolution
		{AB6D5FE3-479E-493E-93A5-708EF9C92732}.Debug|Any CPU.ActiveCfg = Debug|Any CPU
		{AB6D5FE3-479E-493E-93A5-708EF9C92732}.Debug|Any CPU.Build.0 = Debug|Any CPU
		{AB6D5FE3-479E-493E-93A5-708EF9C92732}.Release|Any CPU.ActiveCfg = Release|Any CPU
		{AB6D5FE3-479E-493E-93A5-708EF9C92732}.Release|Any CPU.Build.0 = Release|Any CPU
	EndGlobalSection
	GlobalSection(SolutionProperties) = preSolution
		HideSolutionNode = FALSE
	EndGlobalSection
	GlobalSection(ExtensibilityGlobals) = postSolution
		SolutionGuid = {5B629669-266E-4BBA-9C51-5D5679B5658E}
	EndGlobalSection
EndGlobal
